
Microsoft Visual Studio Solution File, Format Version 12.00
# Visual Studio 15
VisualStudioVersion = 15.0.27004.2005
MinimumVisualStudioVersion = 10.0.40219.1
Project("{FAE04EC0-301F-11D3-BF4B-00C04F79EFBC}") = "zad2", "zad2\zad2.csproj", "{FF0A3ADF-792D-4FD7-8235-C0465D6A1227}"
EndProject
Global
	GlobalSection(SolutionConfigurationPlatforms) = preSolution
		Debug|Any CPU = Debug|Any CPU
		Release|Any CPU = Release|Any CPU
	EndGlobalSection
	GlobalSection(ProjectConfigurationPlatforms) = postSolution
		{FF0A3ADF-792D-4FD7-8235-C0465D6A1227}.Debug|Any CPU.ActiveCfg = Debug|Any CPU
		{FF0A3ADF-792D-4FD7-8235-C0465D6A1227}.Debug|Any CPU.Build.0 = Debug|Any CPU
		{FF0A3ADF-792D-4FD7-8235-C0465D6A1227}.Release|Any CPU.ActiveCfg = Release|Any CPU
		{FF0A3ADF-792D-4FD7-8235-C0465D6A1227}.Release|Any CPU.Build.0 = Release|Any CPU
	EndGlobalSection
	GlobalSection(SolutionProperties) = preSolution
		HideSolutionNode = FALSE
	EndGlobalSection
	GlobalSection(ExtensibilityGlobals) = postSolution
		SolutionGuid = {08489978-40CA-4571-B694-A6D8A3D64935}
	EndGlobalSection
EndGlobal
